
Microsoft Visual Studio Solution File, Format Version 12.00
# Visual Studio Version 17
VisualStudioVersion = 17.14.37216.2 d17.14
MinimumVisualStudioVersion = 10.0.40219.1
Project("{FAE04EC0-301F-11D3-BF4B-00C04F79EFBC}") = "CleverenceSoftTasks", "CleverenceSoftTasks\CleverenceSoftTasks.csproj", "{1C92A8D7-C4EB-4A7B-AC97-21BACBDFF579}"
EndProject
Project("{FAE04EC0-301F-11D3-BF4B-00C04F79EFBC}") = "CleverenceSoft.Tests", "CleverenceSoft.Tests\CleverenceSoft.Tests.csproj", "{7685DA8F-3B95-43BE-8820-651BA4840540}"
EndProject
Global
	GlobalSection(SolutionConfigurationPlatforms) = preSolution
		Debug|Any CPU = Debug|Any CPU
		Release|Any CPU = Release|Any CPU
	EndGlobalSection
	GlobalSection(ProjectConfigurationPlatforms) = postSolution
		{1C92A8D7-C4EB-4A7B-AC97-21BACBDFF579}.Debug|Any CPU.ActiveCfg = Debug|Any CPU
		{1C92A8D7-C4EB-4A7B-AC97-21BACBDFF579}.Debug|Any CPU.Build.0 = Debug|Any CPU
		{1C92A8D7-C4EB-4A7B-AC97-21BACBDFF579}.Release|Any CPU.ActiveCfg = Release|Any CPU
		{1C92A8D7-C4EB-4A7B-AC97-21BACBDFF579}.Release|Any CPU.Build.0 = Release|Any CPU
		{7685DA8F-3B95-43BE-8820-651BA4840540}.Debug|Any CPU.ActiveCfg = Debug|Any CPU
		{7685DA8F-3B95-43BE-8820-651BA4840540}.Debug|Any CPU.Build.0 = Debug|Any CPU
		{7685DA8F-3B95-43BE-8820-651BA4840540}.Release|Any CPU.ActiveCfg = Release|Any CPU
		{7685DA8F-3B95-43BE-8820-651BA4840540}.Release|Any CPU.Build.0 = Release|Any CPU
	EndGlobalSection
	GlobalSection(SolutionProperties) = preSolution
		HideSolutionNode = FALSE
	EndGlobalSection
	GlobalSection(ExtensibilityGlobals) = postSolution
		SolutionGuid = {FD335139-0BC4-407E-892C-8A6BAF637D5D}
	EndGlobalSection
EndGlobal
